lockfileVersion: 1
resources:
  skillbox/code-review:
    files:
      .skillbox/prompts/code-review/README.md: sha256-pfwjg2BUZNSlgaJvSjmXzbYXAMugyL+81aZJ87396Bc=
      .skillbox/prompts/code-review/prompt.md: sha256-wjesKIhSNd+3XJxjetFOhnlZEbx8DfVBblzLxWQA9Bw=
    integrity: sha256-07USSxFT0nyV+SbHdah1BP+1tbZzV77VvHw1ze57Kk8=
    kind: prompt
    requestedBy: skillbox/plan-implement-review
    source:
      path: prompts/code-review
      type: local
    target: .skillbox/prompts/code-review
    version: 0.1.0
  skillbox/implementation-planner:
    dependencies:
      - skillbox/code-review
    files:
      .skillbox/agents/implementation-planner/README.md: sha256-9vO1PTk3iX/ALzjZxkTY1ARxRDvLoO6a5X1Lx9OQM6U=
      .skillbox/agents/implementation-planner/agent.md: sha256-+z11OdpChYoZv6SaItLseP+5+G7KSqrncQvHVQLmHGw=
    integrity: sha256-Rq901e7Y5SsoZPMQY/OW7ZQ9WPlCxAnmZS91JD+B2Ec=
    kind: agent
    requestedBy: skillbox/plan-implement-review
    source:
      path: agents/implementation-planner
      type: local
    target: .skillbox/agents/implementation-planner
    version: 0.1.0
  skillbox/plan-implement-review:
    dependencies:
      - skillbox/code-review
      - skillbox/implementation-planner
      - skillbox/technical-documentation
    files:
      .skillbox/workflows/plan-implement-review/README.md: sha256-+4M45Ccm+egJBSYn3GpeT9W11YbmpiEUQ1QDo+2+6Aw=
      .skillbox/workflows/plan-implement-review/workflow.md: sha256-/1cqdk4Csp8HPgSpMVt0JDZ3ePzP1xSFQeFWE3ObG1c=
    integrity: sha256-Hr5HrZc23FQjTvJGWLJX9kO8kOlbIMZP2j46/+I/Zhg=
    kind: workflow
    requestedBy: direct
    source:
      path: workflows/plan-implement-review
      type: local
    target: .skillbox/workflows/plan-implement-review
    version: 0.1.0
  skillbox/project-summary:
    files:
      .skillbox/scripts/project-summary/README.md: sha256-DiKQ9SFPjr0JuXlJuWPDsDo1crcC3X2IrdezTCkVg98=
      .skillbox/scripts/project-summary/summarize.mjs: sha256-/9CJzSUsb9v6ARM4pzYKkfhg28W8eN/NlAl2UAIYpew=
    integrity: sha256-MVxE8rJ7tadHHccTc1CVgH3x7U7+E5jhc9/xdNKegx4=
    kind: script
    requestedBy: direct
    source:
      path: scripts/project-summary
      type: local
    target: .skillbox/scripts/project-summary
    version: 0.1.0
  skillbox/structured-logger:
    files:
      src/components/structured-logger/README.md: sha256-c2s83tMFFXoYHKFs5MBuua9dRUcfXGGZVyzg4Ix+wHg=
      src/components/structured-logger/logger.test.ts: sha256-sz2xkRb3+5loDyvWqzifs3u8ytVjVl0qcFTvOX19qKA=
      src/components/structured-logger/logger.ts: sha256-OzkF5R4xcTFC8nQmc64F210gq4QxibSoiPoYPBAQ2HQ=
    integrity: sha256-gNoVz5JLJm1EWYOPzcyYXO/FnUAw5VfMTIsP2HTk5Ak=
    kind: component
    requestedBy: direct
    source:
      path: components/structured-logger
      type: local
    target: src/components/structured-logger
    version: 0.1.0
  skillbox/technical-documentation:
    files:
      .skillbox/skills/technical-documentation/README.md: sha256-QxpjUEZNjmn6YSnJ4urlcxOmqsrSsKy123oOYolIfqk=
      .skillbox/skills/technical-documentation/SKILL.md: sha256-Z3yOjb2/H48oaujNsa6L5+EJkn/5Eer+BWPJNAgQ7vc=
      .skillbox/skills/technical-documentation/reference/document-types.md: sha256-iL6zJwodkIcg93rF7cqIhy0DNM/Lq1abhhalY/jLqp0=
      .skillbox/skills/technical-documentation/reference/style-guide.md: sha256-Y5IwXl0TstjyqCGrpFTWhDEMgnvQkZMZLQ0lxIbCnWM=
    integrity: sha256-5ORogZ7Xe0N5vdtZjfor14WkrUvf1j+JK130itssocU=
    kind: skill
    requestedBy: skillbox/plan-implement-review
    source:
      path: skills/technical-documentation
      type: local
    target: .skillbox/skills/technical-documentation
    version: 0.1.0
